{
    "requires": true,
    "lockfileVersion": 1,
    "dependencies": {
        "vue-axios": {
            "version": "3.4.0",
            "resolved": "https://registry.npmjs.org/vue-axios/-/vue-axios-3.4.0.tgz",
            "integrity": "sha512-S3YTCJeEndzmtaYzyz919Z54wY1D2OftWEhioGbHED3VUSta8ti0OHjDipTPkb1StxOzQLAAO2hSUq830i14KA=="
        },
        "vue-router": {
            "version": "3.5.3",
            "resolved": "https://registry.npmjs.org/vue-router/-/vue-router-3.5.3.tgz",
            "integrity": "sha512-FUlILrW3DGitS2h+Xaw8aRNvGTwtuaxrRkNSHWTizOfLUie7wuYwezeZ50iflRn8YPV5kxmU2LQuu3nM/b3Zsg=="
        }
    }
}
